// !$*UTF8*$!
{
	archiveVersion = 1;
	classes = {
	};
	objectVersion = 55;
	objects = {

/* Begin PBXBuildFile section */
		3FA96D24D030F26007B91FD1 /* Pods_Netology_IB_Instruments.framework in Frameworks */ = {isa = PBXBuildFile; fileRef = C5BBC893C7BC417BF3B7F418 /* Pods_Netology_IB_Instruments.framework */; };
		845EB8E927B1AF87004ACF55 /* AppDelegate.swift in Sources */ = {isa = PBXBuildFile; fileRef = 845EB8E827B1AF87004ACF55 /* AppDelegate.swift */; };
		845EB8F227B1AF8D004ACF55 /* Assets.xcassets in Resources */ = {isa = PBXBuildFile; fileRef = 845EB8F127B1AF8D004ACF55 /* Assets.xcassets */; };
		845EB8F527B1AF8D004ACF55 /* LaunchScreen.storyboard in Resources */ = {isa = PBXBuildFile; fileRef = 845EB8F327B1AF8D004ACF55 /* LaunchScreen.storyboard */; };
		845EB90727B24EC6004ACF55 /* ProfileViewController.swift in Sources */ = {isa = PBXBuildFile; fileRef = 845EB90627B24EC5004ACF55 /* ProfileViewController.swift */; };
		845FA1A627C2749A002BD653 /* PostViewController.swift in Sources */ = {isa = PBXBuildFile; fileRef = 845FA1A527C2749A002BD653 /* PostViewController.swift */; };
		845FA1A827C2813C002BD653 /* InfoViewController.swift in Sources */ = {isa = PBXBuildFile; fileRef = 845FA1A727C2813C002BD653 /* InfoViewController.swift */; };
		84A4418127C1776500962836 /* FeedViewController.swift in Sources */ = {isa = PBXBuildFile; fileRef = 84A4418027C1776500962836 /* FeedViewController.swift */; };
		9B45BFF52800AAC700FDCF64 /* PhotosViewController.swift in Sources */ = {isa = PBXBuildFile; fileRef = 9B45BFF42800AAC700FDCF64 /* PhotosViewController.swift */; };
		9B4B577D27EBA4DB008C2F3A /* LogInViewController.swift in Sources */ = {isa = PBXBuildFile; fileRef = 9B4B577C27EBA4DB008C2F3A /* LogInViewController.swift */; };
		9B5108FB27F87B1200AC6162 /* PostTableViewCell.swift in Sources */ = {isa = PBXBuildFile; fileRef = 9B5108F827F87B1200AC6162 /* PostTableViewCell.swift */; };
		9B5108FC27F87B1200AC6162 /* ProfileTableHeaderView.swift in Sources */ = {isa = PBXBuildFile; fileRef = 9B5108F927F87B1200AC6162 /* ProfileTableHeaderView.swift */; };
		9B5108FD27F87B1200AC6162 /* Post.swift in Sources */ = {isa = PBXBuildFile; fileRef = 9B5108FA27F87B1200AC6162 /* Post.swift */; };
		9BA2F17D2819C08D0006E8C4 /* iOSIntPackage in Frameworks */ = {isa = PBXBuildFile; productRef = 9BA2F17C2819C08D0006E8C4 /* iOSIntPackage */; };
		9BEC1EB82800B1ED00C72363 /* PhotosCollectionViewCell.swift in Sources */ = {isa = PBXBuildFile; fileRef = 9BEC1EB72800B1ED00C72363 /* PhotosCollectionViewCell.swift */; };
		9BEC1EBA2800B1FD00C72363 /* PhotosTableViewCell.swift in Sources */ = {isa = PBXBuildFile; fileRef = 9BEC1EB92800B1FD00C72363 /* PhotosTableViewCell.swift */; };
		9BF2ED9127CB925A0064D648 /* ProfileHeaderView.swift in Sources */ = {isa = PBXBuildFile; fileRef = 9BF2ED9027CB925A0064D648 /* ProfileHeaderView.swift */; };
/* End PBXBuildFile section */

/* Begin PBXFileReference section */
		6075BDA91C85E02ADECB4658 /* Pods-Netology_IB_Instruments.debug.xcconfig */ = {isa = PBXFileReference; includeInIndex = 1; lastKnownFileType = text.xcconfig; name = "Pods-Netology_IB_Instruments.debug.xcconfig"; path = "Target Support Files/Pods-Netology_IB_Instruments/Pods-Netology_IB_Instruments.debug.xcconfig"; sourceTree = "<group>"; };
		845EB8E527B1AF87004ACF55 /* Netology_IB_Instruments.app */ = {isa = PBXFileReference; explicitFileType = wrapper.application; includeInIndex = 0; path = Netology_IB_Instruments.app; sourceTree = BUILT_PRODUCTS_DIR; };
		845EB8E827B1AF87004ACF55 /* AppDelegate.swift */ = {isa = PBXFileReference; lastKnownFileType = sourcecode.swift; path = AppDelegate.swift; sourceTree = "<group>"; };
		845EB8F127B1AF8D004ACF55 /* Assets.xcassets */ = {isa = PBXFileReference; lastKnownFileType = folder.assetcatalog; path = Assets.xcassets; sourceTree = "<group>"; };
		845EB8F427B1AF8D004ACF55 /* Base */ = {isa = PBXFileReference; lastKnownFileType = file.storyboard; name = Base; path = Base.lproj/LaunchScreen.storyboard; sourceTree = "<group>"; };
		845EB8F627B1AF8D004ACF55 /* Info.plist */ = {isa = PBXFileReference; lastKnownFileType = text.plist.xml; path = Info.plist; sourceTree = "<group>"; };
		845EB90627B24EC5004ACF55 /* ProfileViewController.swift */ = {isa = PBXFileReference; lastKnownFileType = sourcecode.swift; name = ProfileViewController.swift; path = Netology_IB_Instruments/ProfileViewController.swift; sourceTree = SOURCE_ROOT; };
		845FA1A527C2749A002BD653 /* PostViewController.swift */ = {isa = PBXFileReference; lastKnownFileType = sourcecode.swift; path = PostViewController.swift; sourceTree = "<group>"; };
		845FA1A727C2813C002BD653 /* InfoViewController.swift */ = {isa = PBXFileReference; lastKnownFileType = sourcecode.swift; path = InfoViewController.swift; sourceTree = "<group>"; };
		84A4418027C1776500962836 /* FeedViewController.swift */ = {isa = PBXFileReference; lastKnownFileType = sourcecode.swift; path = FeedViewController.swift; sourceTree = "<group>"; };
		8C7DE558737B22AA2749195E /* Pods-Netology_IB_Instruments.release.xcconfig */ = {isa = PBXFileReference; includeInIndex = 1; lastKnownFileType = text.xcconfig; name = "Pods-Netology_IB_Instruments.release.xcconfig"; path = "Target Support Files/Pods-Netology_IB_Instruments/Pods-Netology_IB_Instruments.release.xcconfig"; sourceTree = "<group>"; };
		9B45BFF42800AAC700FDCF64 /* PhotosViewController.swift */ = {isa = PBXFileReference; lastKnownFileType = sourcecode.swift; path = PhotosViewController.swift; sourceTree = "<group>"; };
		9B4B577C27EBA4DB008C2F3A /* LogInViewController.swift */ = {isa = PBXFileReference; fileEncoding = 4; lastKnownFileType = sourcecode.swift; path = LogInViewController.swift; sourceTree = "<group>"; };
		9B5108F827F87B1200AC6162 /* PostTableViewCell.swift */ = {isa = PBXFileReference; fileEncoding = 4; lastKnownFileType = sourcecode.swift; path = PostTableViewCell.swift; sourceTree = "<group>"; };
		9B5108F927F87B1200AC6162 /* ProfileTableHeaderView.swift */ = {isa = PBXFileReference; fileEncoding = 4; lastKnownFileType = sourcecode.swift; path = ProfileTableHeaderView.swift; sourceTree = "<group>"; };
		9B5108FA27F87B1200AC6162 /* Post.swift */ = {isa = PBXFileReference; fileEncoding = 4; lastKnownFileType = sourcecode.swift; path = Post.swift; sourceTree = "<group>"; };
		9BEC1EB72800B1ED00C72363 /* PhotosCollectionViewCell.swift */ = {isa = PBXFileReference; fileEncoding = 4; lastKnownFileType = sourcecode.swift; path = PhotosCollectionViewCell.swift; sourceTree = "<group>"; };
		9BEC1EB92800B1FD00C72363 /* PhotosTableViewCell.swift */ = {isa = PBXFileReference; fileEncoding = 4; lastKnownFileType = sourcecode.swift; path = PhotosTableViewCell.swift; sourceTree = "<group>"; };
		9BF2ED9027CB925A0064D648 /* ProfileHeaderView.swift */ = {isa = PBXFileReference; lastKnownFileType = sourcecode.swift; path = ProfileHeaderView.swift; sourceTree = "<group>"; };
		C5BBC893C7BC417BF3B7F418 /* Pods_Netology_IB_Instruments.framework */ = {isa = PBXFileReference; explicitFileType = wrapper.framework; includeInIndex = 0; path = Pods_Netology_IB_Instruments.framework; sourceTree = BUILT_PRODUCTS_DIR; };
/* End PBXFileReference section */

/* Begin PBXFrameworksBuildPhase section */
		845EB8E227B1AF87004ACF55 /* Frameworks */ = {
			isa = PBXFrameworksBuildPhase;
			buildActionMask = 2147483647;
			files = (
				3FA96D24D030F26007B91FD1 /* Pods_Netology_IB_Instruments.framework in Frameworks */,
				9BA2F17D2819C08D0006E8C4 /* iOSIntPackage in Frameworks */,
			);
			runOnlyForDeploymentPostprocessing = 0;
		};
/* End PBXFrameworksBuildPhase section */

/* Begin PBXGroup section */
		845EB8DC27B1AF87004ACF55 = {
			isa = PBXGroup;
			children = (
				845EB8E727B1AF87004ACF55 /* Netology_IB_Instruments */,
				845EB8E627B1AF87004ACF55 /* Products */,
				EFA8B36785FE02DB0B46A3A3 /* Pods */,
				AFBC0BF14571E66B010C8743 /* Frameworks */,
			);
			sourceTree = "<group>";
		};
		845EB8E627B1AF87004ACF55 /* Products */ = {
			isa = PBXGroup;
			children = (
				845EB8E527B1AF87004ACF55 /* Netology_IB_Instruments.app */,
			);
			name = Products;
			sourceTree = "<group>";
		};
		845EB8E727B1AF87004ACF55 /* Netology_IB_Instruments */ = {
			isa = PBXGroup;
			children = (
				845EB8E827B1AF87004ACF55 /* AppDelegate.swift */,
				9BF2ED8F27CB91CE0064D648 /* Profile */,
				845EB8F127B1AF8D004ACF55 /* Assets.xcassets */,
				845EB8F327B1AF8D004ACF55 /* LaunchScreen.storyboard */,
				845EB8F627B1AF8D004ACF55 /* Info.plist */,
				9B4B577C27EBA4DB008C2F3A /* LogInViewController.swift */,
				84A4418027C1776500962836 /* FeedViewController.swift */,
				845FA1A527C2749A002BD653 /* PostViewController.swift */,
				845FA1A727C2813C002BD653 /* InfoViewController.swift */,
				9B45BFF42800AAC700FDCF64 /* PhotosViewController.swift */,
				845EB90627B24EC5004ACF55 /* ProfileViewController.swift */,
				9BFA7FF9280ADF30001E44F2 /* Photo */,
			);
			path = Netology_IB_Instruments;
			sourceTree = "<group>";
		};
		9BF2ED8F27CB91CE0064D648 /* Profile */ = {
			isa = PBXGroup;
			children = (
				9B5108FA27F87B1200AC6162 /* Post.swift */,
				9B5108F827F87B1200AC6162 /* PostTableViewCell.swift */,
				9B5108F927F87B1200AC6162 /* ProfileTableHeaderView.swift */,
				9BF2ED9027CB925A0064D648 /* ProfileHeaderView.swift */,
			);
			path = Profile;
			sourceTree = "<group>";
		};
		9BFA7FF9280ADF30001E44F2 /* Photo */ = {
			isa = PBXGroup;
			children = (
				9BEC1EB92800B1FD00C72363 /* PhotosTableViewCell.swift */,
				9BEC1EB72800B1ED00C72363 /* PhotosCollectionViewCell.swift */,
			);
			path = Photo;
			sourceTree = "<group>";
		};
		AFBC0BF14571E66B010C8743 /* Frameworks */ = {
			isa = PBXGroup;
			children = (
				C5BBC893C7BC417BF3B7F418 /* Pods_Netology_IB_Instruments.framework */,
			);
			name = Frameworks;
			sourceTree = "<group>";
		};
		EFA8B36785FE02DB0B46A3A3 /* Pods */ = {
			isa = PBXGroup;
			children = (
				6075BDA91C85E02ADECB4658 /* Pods-Netology_IB_Instruments.debug.xcconfig */,
				8C7DE558737B22AA2749195E /* Pods-Netology_IB_Instruments.release.xcconfig */,
			);
			path = Pods;
			sourceTree = "<group>";
		};
/* End PBXGroup section */

/* Begin PBXNativeTarget section */
		845EB8E427B1AF87004ACF55 /* Netology_IB_Instruments */ = {
			isa = PBXNativeTarget;
			buildConfigurationList = 845EB8F927B1AF8D004ACF55 /* Build configuration list for PBXNativeTarget "Netology_IB_Instruments" */;
			buildPhases = (
				33BD229FD965B70CC7136952 /* [CP] Check Pods Manifest.lock */,
				845EB8E127B1AF87004ACF55 /* Sources */,
				845EB8E227B1AF87004ACF55 /* Frameworks */,
				845EB8E327B1AF87004ACF55 /* Resources */,
				34045F1896C03350472D7D5F /* [CP] Embed Pods Frameworks */,
			);
			buildRules = (
			);
			dependencies = (
			);
			name = Netology_IB_Instruments;
			packageProductDependencies = (
				9BA2F17C2819C08D0006E8C4 /* iOSIntPackage */,
			);
			productName = Netology_IB_Instruments;
			productReference = 845EB8E527B1AF87004ACF55 /* Netology_IB_Instruments.app */;
			productType = "com.apple.product-type.application";
		};
/* End PBXNativeTarget section */

/* Begin PBXProject section */
		845EB8DD27B1AF87004ACF55 /* Project object */ = {
			isa = PBXProject;
			attributes = {
				BuildIndependentTargetsInParallel = 1;
				KnownAssetTags = (
					cow,
				);
				LastSwiftUpdateCheck = 1310;
				LastUpgradeCheck = 1310;
				TargetAttributes = {
					845EB8E427B1AF87004ACF55 = {
						CreatedOnToolsVersion = 13.1;
					};
				};
			};
			buildConfigurationList = 845EB8E027B1AF87004ACF55 /* Build configuration list for PBXProject "Netology_IB_Instruments" */;
			compatibilityVersion = "Xcode 13.0";
			developmentRegion = en;
			hasScannedForEncodings = 0;
			knownRegions = (
				en,
				Base,
			);
			mainGroup = 845EB8DC27B1AF87004ACF55;
			packageReferences = (
				9BA2F17B2819C08D0006E8C4 /* XCRemoteSwiftPackageReference "iOSIntPackage" */,
			);
			productRefGroup = 845EB8E627B1AF87004ACF55 /* Products */;
			projectDirPath = "";
			projectRoot = "";
			targets = (
				845EB8E427B1AF87004ACF55 /* Netology_IB_Instruments */,
			);
		};
/* End PBXProject section */

/* Begin PBXResourcesBuildPhase section */
		845EB8E327B1AF87004ACF55 /* Resources */ = {
			isa = PBXResourcesBuildPhase;
			buildActionMask = 2147483647;
			files = (
				845EB8F527B1AF8D004ACF55 /* LaunchScreen.storyboard in Resources */,
				845EB8F227B1AF8D004ACF55 /* Assets.xcassets in Resources */,
			);
			runOnlyForDeploymentPostprocessing = 0;
		};
/* End PBXResourcesBuildPhase section */

/* Begin PBXShellScriptBuildPhase section */
		33BD229FD965B70CC7136952 /* [CP] Check Pods Manifest.lock */ = {
			isa = PBXShellScriptBuildPhase;
			buildActionMask = 2147483647;
			files = (
			);
			inputFileListPaths = (
			);
			inputPaths = (
				"${PODS_PODFILE_DIR_PATH}/Podfile.lock",
				"${PODS_ROOT}/Manifest.lock",
			);
			name = "[CP] Check Pods Manifest.lock";
			outputFileListPaths = (
			);
			outputPaths = (
				"$(DERIVED_FILE_DIR)/Pods-Netology_IB_Instruments-checkManifestLockResult.txt",
			);
			runOnlyForDeploymentPostprocessing = 0;
			shellPath = /bin/sh;
			shellScript = "diff \"${PODS_PODFILE_DIR_PATH}/Podfile.lock\" \"${PODS_ROOT}/Manifest.lock\" > /dev/null\nif [ $? != 0 ] ; then\n    # print error to STDERR\n    echo \"error: The sandbox is not in sync with the Podfile.lock. Run 'pod install' or update your CocoaPods installation.\" >&2\n    exit 1\nfi\n# This output is used by Xcode 'outputs' to avoid re-running this script phase.\necho \"SUCCESS\" > \"${SCRIPT_OUTPUT_FILE_0}\"\n";
			showEnvVarsInLog = 0;
		};
		34045F1896C03350472D7D5F /* [CP] Embed Pods Frameworks */ = {
			isa = PBXShellScriptBuildPhase;
			buildActionMask = 2147483647;
			files = (
			);
			inputFileListPaths = (
				"${PODS_ROOT}/Target Support Files/Pods-Netology_IB_Instruments/Pods-Netology_IB_Instruments-frameworks-${CONFIGURATION}-input-files.xcfilelist",
			);
			name = "[CP] Embed Pods Frameworks";
			outputFileListPaths = (
				"${PODS_ROOT}/Target Support Files/Pods-Netology_IB_Instruments/Pods-Netology_IB_Instruments-frameworks-${CONFIGURATION}-output-files.xcfilelist",
			);
			runOnlyForDeploymentPostprocessing = 0;
			shellPath = /bin/sh;
			shellScript = "\"${PODS_ROOT}/Target Support Files/Pods-Netology_IB_Instruments/Pods-Netology_IB_Instruments-frameworks.sh\"\n";
			showEnvVarsInLog = 0;
		};
/* End PBXShellScriptBuildPhase section */

/* Begin PBXSourcesBuildPhase section */
		845EB8E127B1AF87004ACF55 /* Sources */ = {
			isa = PBXSourcesBuildPhase;
			buildActionMask = 2147483647;
			files = (
				9B5108FD27F87B1200AC6162 /* Post.swift in Sources */,
				845EB90727B24EC6004ACF55 /* ProfileViewController.swift in Sources */,
				845EB8E927B1AF87004ACF55 /* AppDelegate.swift in Sources */,
				9BEC1EB82800B1ED00C72363 /* PhotosCollectionViewCell.swift in Sources */,
				84A4418127C1776500962836 /* FeedViewController.swift in Sources */,
				9B5108FC27F87B1200AC6162 /* ProfileTableHeaderView.swift in Sources */,
				9B4B577D27EBA4DB008C2F3A /* LogInViewController.swift in Sources */,
				9BEC1EBA2800B1FD00C72363 /* PhotosTableViewCell.swift in Sources */,
				9BF2ED9127CB925A0064D648 /* ProfileHeaderView.swift in Sources */,
				845FA1A827C2813C002BD653 /* InfoViewController.swift in Sources */,
				9B45BFF52800AAC700FDCF64 /* PhotosViewController.swift in Sources */,
				845FA1A627C2749A002BD653 /* PostViewController.swift in Sources */,
				9B5108FB27F87B1200AC6162 /* PostTableViewCell.swift in Sources */,
			);
			runOnlyForDeploymentPostprocessing = 0;
		};
/* End PBXSourcesBuildPhase section */

/* Begin PBXVariantGroup section */
		845EB8F327B1AF8D004ACF55 /* LaunchScreen.storyboard */ = {
			isa = PBXVariantGroup;
			children = (
				845EB8F427B1AF8D004ACF55 /* Base */,
			);
			name = LaunchScreen.storyboard;
			sourceTree = "<group>";
		};
/* End PBXVariantGroup section */

/* Begin XCBuildConfiguration section */
		845EB8F727B1AF8D004ACF55 /* Debug */ = {
			isa = XCBuildConfiguration;
			buildSettings = {
				ALWAYS_SEARCH_USER_PATHS = NO;
				CLANG_ANALYZER_NONNULL = YES;
				CLANG_ANALYZER_NUMBER_OBJECT_CONVERSION = YES_AGGRESSIVE;
				CLANG_CXX_LANGUAGE_STANDARD = "gnu++17";
				CLANG_CXX_LIBRARY = "libc++";
				CLANG_ENABLE_MODULES = YES;
				CLANG_ENABLE_OBJC_ARC = YES;
				CLANG_ENABLE_OBJC_WEAK = YES;
				CLANG_WARN_BLOCK_CAPTURE_AUTORELEASING = YES;
				CLANG_WARN_BOOL_CONVERSION = YES;
				CLANG_WARN_COMMA = YES;
				CLANG_WARN_CONSTANT_CONVERSION = YES;
				CLANG_WARN_DEPRECATED_OBJC_IMPLEMENTATIONS = YES;
				CLANG_WARN_DIRECT_OBJC_ISA_USAGE = YES_ERROR;
				CLANG_WARN_DOCUMENTATION_COMMENTS = YES;
				CLANG_WARN_EMPTY_BODY = YES;
				CLANG_WARN_ENUM_CONVERSION = YES;
				CLANG_WARN_INFINITE_RECURSION = YES;
				CLANG_WARN_INT_CONVERSION = YES;
				CLANG_WARN_NON_LITERAL_NULL_CONVERSION = YES;
				CLANG_WARN_OBJC_IMPLICIT_RETAIN_SELF = YES;
				CLANG_WARN_OBJC_LITERAL_CONVERSION = YES;
				CLANG_WARN_OBJC_ROOT_CLASS = YES_ERROR;
				CLANG_WARN_QUOTED_INCLUDE_IN_FRAMEWORK_HEADER = YES;
				CLANG_WARN_RANGE_LOOP_ANALYSIS = YES;
				CLANG_WARN_STRICT_PROTOTYPES = YES;
				CLANG_WARN_SUSPICIOUS_MOVE = YES;
				CLANG_WARN_UNGUARDED_AVAILABILITY = YES_AGGRESSIVE;
				CLANG_WARN_UNREACHABLE_CODE = YES;
				CLANG_WARN__DUPLICATE_METHOD_MATCH = YES;
				COPY_PHASE_STRIP = NO;
				DEBUG_INFORMATION_FORMAT = dwarf;
				ENABLE_STRICT_OBJC_MSGSEND = YES;
				ENABLE_TESTABILITY = YES;
				GCC_C_LANGUAGE_STANDARD = gnu11;
				GCC_DYNAMIC_NO_PIC = NO;
				GCC_NO_COMMON_BLOCKS = YES;
				GCC_OPTIMIZATION_LEVEL = 0;
				GCC_PREPROCESSOR_DEFINITIONS = (
					"DEBUG=1",
					"$(inherited)",
				);
				GCC_WARN_64_TO_32_BIT_CONVERSION = YES;
				GCC_WARN_ABOUT_RETURN_TYPE = YES_ERROR;
				GCC_WARN_UNDECLARED_SELECTOR = YES;
				GCC_WARN_UNINITIALIZED_AUTOS = YES_AGGRESSIVE;
				GCC_WARN_UNUSED_FUNCTION = YES;
				GCC_WARN_UNUSED_VARIABLE = YES;
				IPHONEOS_DEPLOYMENT_TARGET = 15.0;
				MTL_ENABLE_DEBUG_INFO = INCLUDE_SOURCE;
				MTL_FAST_MATH = YES;
				ONLY_ACTIVE_ARCH = YES;
				SDKROOT = iphoneos;
				SWIFT_ACTIVE_COMPILATION_CONDITIONS = DEBUG;
				SWIFT_OPTIMIZATION_LEVEL = "-Onone";
			};
			name = Debug;
		};
		845EB8F827B1AF8D004ACF55 /* Release */ = {
			isa = XCBuildConfiguration;
			buildSettings = {
				ALWAYS_SEARCH_USER_PATHS = NO;
				CLANG_ANALYZER_NONNULL = YES;
				CLANG_ANALYZER_NUMBER_OBJECT_CONVERSION = YES_AGGRESSIVE;
				CLANG_CXX_LANGUAGE_STANDARD = "gnu++17";
				CLANG_CXX_LIBRARY = "libc++";
				CLANG_ENABLE_MODULES = YES;
				CLANG_ENABLE_OBJC_ARC = YES;
				CLANG_ENABLE_OBJC_WEAK = YES;
				CLANG_WARN_BLOCK_CAPTURE_AUTORELEASING = YES;
				CLANG_WARN_BOOL_CONVERSION = YES;
				CLANG_WARN_COMMA = YES;
				CLANG_WARN_CONSTANT_CONVERSION = YES;
				CLANG_WARN_DEPRECATED_OBJC_IMPLEMENTATIONS = YES;
				CLANG_WARN_DIRECT_OBJC_ISA_USAGE = YES_ERROR;
				CLANG_WARN_DOCUMENTATION_COMMENTS = YES;
				CLANG_WARN_EMPTY_BODY = YES;
				CLANG_WARN_ENUM_CONVERSION = YES;
				CLANG_WARN_INFINITE_RECURSION = YES;
				CLANG_WARN_INT_CONVERSION = YES;
				CLANG_WARN_NON_LITERAL_NULL_CONVERSION = YES;
				CLANG_WARN_OBJC_IMPLICIT_RETAIN_SELF = YES;
				CLANG_WARN_OBJC_LITERAL_CONVERSION = YES;
				CLANG_WARN_OBJC_ROOT_CLASS = YES_ERROR;
				CLANG_WARN_QUOTED_INCLUDE_IN_FRAMEWORK_HEADER = YES;
				CLANG_WARN_RANGE_LOOP_ANALYSIS = YES;
				CLANG_WARN_STRICT_PROTOTYPES = YES;
				CLANG_WARN_SUSPICIOUS_MOVE = YES;
				CLANG_WARN_UNGUARDED_AVAILABILITY = YES_AGGRESSIVE;
				CLANG_WARN_UNREACHABLE_CODE = YES;
				CLANG_WARN__DUPLICATE_METHOD_MATCH = YES;
				COPY_PHASE_STRIP = NO;
				DEBUG_INFORMATION_FORMAT = "dwarf-with-dsym";
				ENABLE_NS_ASSERTIONS = NO;
				ENABLE_STRICT_OBJC_MSGSEND = YES;
				GCC_C_LANGUAGE_STANDARD = gnu11;
				GCC_NO_COMMON_BLOCKS = YES;
				GCC_WARN_64_TO_32_BIT_CONVERSION = YES;
				GCC_WARN_ABOUT_RETURN_TYPE = YES_ERROR;
				GCC_WARN_UNDECLARED_SELECTOR = YES;
				GCC_WARN_UNINITIALIZED_AUTOS = YES_AGGRESSIVE;
				GCC_WARN_UNUSED_FUNCTION = YES;
				GCC_WARN_UNUSED_VARIABLE = YES;
				IPHONEOS_DEPLOYMENT_TARGET = 15.0;
				MTL_ENABLE_DEBUG_INFO = NO;
				MTL_FAST_MATH = YES;
				SDKROOT = iphoneos;
				SWIFT_COMPILATION_MODE = wholemodule;
				SWIFT_OPTIMIZATION_LEVEL = "-O";
				VALIDATE_PRODUCT = YES;
			};
			name = Release;
		};
		845EB8FA27B1AF8D004ACF55 /* Debug */ = {
			isa = XCBuildConfiguration;
			baseConfigurationReference = 6075BDA91C85E02ADECB4658 /* Pods-Netology_IB_Instruments.debug.xcconfig */;
			buildSettings = {
				ASSETCATALOG_COMPILER_APPICON_NAME = AppIcon;
				ASSETCATALOG_COMPILER_GLOBAL_ACCENT_COLOR_NAME = AccentColor;
				CODE_SIGN_STYLE = Automatic;
				CURRENT_PROJECT_VERSION = 1;
				DEVELOPMENT_TEAM = QD6Z8FN896;
				GENERATE_INFOPLIST_FILE = YES;
				INFOPLIST_FILE = Netology_IB_Instruments/Info.plist;
				INFOPLIST_KEY_UIApplicationSupportsIndirectInputEvents = YES;
				INFOPLIST_KEY_UILaunchStoryboardName = LaunchScreen;
				INFOPLIST_KEY_UISupportedInterfaceOrientations = "UIInterfaceOrientationPortrait UIInterfaceOrientationLandscapeLeft UIInterfaceOrientationLandscapeRight";
				INFOPLIST_KEY_UISupportedInterfaceOrientations_iPad = "UIInterfaceOrientationPortrait UIInterfaceOrientationPortraitUpsideDown UIInterfaceOrientationLandscapeLeft UIInterfaceOrientationLandscapeRight";
				INFOPLIST_KEY_UISupportedInterfaceOrientations_iPhone = "UIInterfaceOrientationPortrait UIInterfaceOrientationLandscapeLeft UIInterfaceOrientationLandscapeRight";
				LD_RUNPATH_SEARCH_PATHS = (
					"$(inherited)",
					"@executable_path/Frameworks",
				);
				MARKETING_VERSION = 1.0;
				PRODUCT_BUNDLE_IDENTIFIER = "Pozdnikin.Netology-IB-Instruments";
				PRODUCT_NAME = "$(TARGET_NAME)";
				SWIFT_EMIT_LOC_STRINGS = YES;
				SWIFT_VERSION = 5.0;
				TARGETED_DEVICE_FAMILY = "1,2";
			};
			name = Debug;
		};
		845EB8FB27B1AF8D004ACF55 /* Release */ = {
			isa = XCBuildConfiguration;
			baseConfigurationReference = 8C7DE558737B22AA2749195E /* Pods-Netology_IB_Instruments.release.xcconfig */;
			buildSettings = {
				ASSETCATALOG_COMPILER_APPICON_NAME = AppIcon;
				ASSETCATALOG_COMPILER_GLOBAL_ACCENT_COLOR_NAME = AccentColor;
				CODE_SIGN_STYLE = Automatic;
				CURRENT_PROJECT_VERSION = 1;
				DEVELOPMENT_TEAM = QD6Z8FN896;
				GENERATE_INFOPLIST_FILE = YES;
				INFOPLIST_FILE = Netology_IB_Instruments/Info.plist;
				INFOPLIST_KEY_UIApplicationSupportsIndirectInputEvents = YES;
				INFOPLIST_KEY_UILaunchStoryboardName = LaunchScreen;
				INFOPLIST_KEY_UISupportedInterfaceOrientations = "UIInterfaceOrientationPortrait UIInterfaceOrientationLandscapeLeft UIInterfaceOrientationLandscapeRight";
				INFOPLIST_KEY_UISupportedInterfaceOrientations_iPad = "UIInterfaceOrientationPortrait UIInterfaceOrientationPortraitUpsideDown UIInterfaceOrientationLandscapeLeft UIInterfaceOrientationLandscapeRight";
				INFOPLIST_KEY_UISupportedInterfaceOrientations_iPhone = "UIInterfaceOrientationPortrait UIInterfaceOrientationLandscapeLeft UIInterfaceOrientationLandscapeRight";
				LD_RUNPATH_SEARCH_PATHS = (
					"$(inherited)",
					"@executable_path/Frameworks",
				);
				MARKETING_VERSION = 1.0;
				PRODUCT_BUNDLE_IDENTIFIER = "Pozdnikin.Netology-IB-Instruments";
				PRODUCT_NAME = "$(TARGET_NAME)";
				SWIFT_EMIT_LOC_STRINGS = YES;
				SWIFT_VERSION = 5.0;
				TARGETED_DEVICE_FAMILY = "1,2";
			};
			name = Release;
		};
/* End XCBuildConfiguration section */

/* Begin XCConfigurationList section */
		845EB8E027B1AF87004ACF55 /* Build configuration list for PBXProject "Netology_IB_Instruments" */ = {
			isa = XCConfigurationList;
			buildConfigurations = (
				845EB8F727B1AF8D004ACF55 /* Debug */,
				845EB8F827B1AF8D004ACF55 /* Release */,
			);
			defaultConfigurationIsVisible = 0;
			defaultConfigurationName = Release;
		};
		845EB8F927B1AF8D004ACF55 /* Build configuration list for PBXNativeTarget "Netology_IB_Instruments" */ = {
			isa = XCConfigurationList;
			buildConfigurations = (
				845EB8FA27B1AF8D004ACF55 /* Debug */,
				845EB8FB27B1AF8D004ACF55 /* Release */,
			);
			defaultConfigurationIsVisible = 0;
			defaultConfigurationName = Release;
		};
/* End XCConfigurationList section */

/* Begin XCRemoteSwiftPackageReference section */
		9BA2F17B2819C08D0006E8C4 /* XCRemoteSwiftPackageReference "iOSIntPackage" */ = {
			isa = XCRemoteSwiftPackageReference;
			repositoryURL = "https://github.com/TrueMax/iOSIntPackage.git";
			requirement = {
				kind = exactVersion;
				version = 3.2.3;
			};
		};
/* End XCRemoteSwiftPackageReference section */

/* Begin XCSwiftPackageProductDependency section */
		9BA2F17C2819C08D0006E8C4 /* iOSIntPackage */ = {
			isa = XCSwiftPackageProductDependency;
			package = 9BA2F17B2819C08D0006E8C4 /* XCRemoteSwiftPackageReference "iOSIntPackage" */;
			productName = iOSIntPackage;
		};
/* End XCSwiftPackageProductDependency section */
	};
	rootObject = 845EB8DD27B1AF87004ACF55 /* Project object */;
}
